{
  "object": {
    "pins": [
      {
        "package": "CircularBuffer",
        "repositoryURL": "https://github.com/jaredsinclair/CircularBuffer",
        "state": {
          "branch": null,
          "revision": "d9e78a3981ad14de6368e64ef9cb27105926f346",
          "version": "1.0.0"
        }
      },
      {
        "package": "OrientationObserver",
        "repositoryURL": "http://github.com/jaredsinclair/OrientationObserver",
        "state": {
          "branch": "master",
          "revision": "875b64f7659fea56637b95de706582115846a279",
          "version": null
        }
      }
    ]
  },
  "version": 1
}
